
Microsoft Visual Studio Solution File, Format Version 12.00
# Visual Studio Version 16
VisualStudioVersion = 16.0.29709.97
MinimumVisualStudioVersion = 10.0.40219.1
Project("{FAE04EC0-301F-11D3-BF4B-00C04F79EFBC}") = "InkPain.Planner", "InkPain.Planner\InkPain.Planner.csproj", "{608113B9-A23E-4B82-87D9-9450F04CCAB4}"
EndProject
Global
	GlobalSection(SolutionConfigurationPlatforms) = preSolution
		Debug|Any CPU = Debug|Any CPU
		Release|Any CPU = Release|Any CPU
	EndGlobalSection
	GlobalSection(ProjectConfigurationPlatforms) = postSolution
		{608113B9-A23E-4B82-87D9-9450F04CCAB4}.Debug|Any CPU.ActiveCfg = Debug|Any CPU
		{608113B9-A23E-4B82-87D9-9450F04CCAB4}.Debug|Any CPU.Build.0 = Debug|Any CPU
		{608113B9-A23E-4B82-87D9-9450F04CCAB4}.Release|Any CPU.ActiveCfg = Release|Any CPU
		{608113B9-A23E-4B82-87D9-9450F04CCAB4}.Release|Any CPU.Build.0 = Release|Any CPU
	EndGlobalSection
	GlobalSection(SolutionProperties) = preSolution
		HideSolutionNode = FALSE
	EndGlobalSection
	GlobalSection(ExtensibilityGlobals) = postSolution
		SolutionGuid = {2AB9DBA7-1F3C-494D-AD2D-D20EF3EA1F21}
	EndGlobalSection
EndGlobal
